
Microsoft Visual Studio Solution File, Format Version 12.00
# Visual Studio Version 17
VisualStudioVersion = 17.9.34728.123
MinimumVisualStudioVersion = 10.0.40219.1
Project("{FAE04EC0-301F-11D3-BF4B-00C04F79EFBC}") = "Ex03.GarageLogic", "B24 Ex03\Ex03.GarageLogic.csproj", "{6CE9AC0F-AC06-4C49-852A-EBCE6327ADD7}"
EndProject
Project("{FAE04EC0-301F-11D3-BF4B-00C04F79EFBC}") = "Ex03.ConsoleUI", "Ex03.ConsoleUI\Ex03.ConsoleUI.csproj", "{ED9E2101-66C4-4132-8EF2-6836B28DEEFA}"
EndProject
Global
	GlobalSection(SolutionConfigurationPlatforms) = preSolution
		Debug|Any CPU = Debug|Any CPU
		Release|Any CPU = Release|Any CPU
	EndGlobalSection
	GlobalSection(ProjectConfigurationPlatforms) = postSolution
		{6CE9AC0F-AC06-4C49-852A-EBCE6327ADD7}.Debug|Any CPU.ActiveCfg = Debug|Any CPU
		{6CE9AC0F-AC06-4C49-852A-EBCE6327ADD7}.Debug|Any CPU.Build.0 = Debug|Any CPU
		{6CE9AC0F-AC06-4C49-852A-EBCE6327ADD7}.Release|Any CPU.ActiveCfg = Release|Any CPU
		{6CE9AC0F-AC06-4C49-852A-EBCE6327ADD7}.Release|Any CPU.Build.0 = Release|Any CPU
		{ED9E2101-66C4-4132-8EF2-6836B28DEEFA}.Debug|Any CPU.ActiveCfg = Debug|Any CPU
		{ED9E2101-66C4-4132-8EF2-6836B28DEEFA}.Debug|Any CPU.Build.0 = Debug|Any CPU
		{ED9E2101-66C4-4132-8EF2-6836B28DEEFA}.Release|Any CPU.ActiveCfg = Release|Any CPU
		{ED9E2101-66C4-4132-8EF2-6836B28DEEFA}.Release|Any CPU.Build.0 = Release|Any CPU
	EndGlobalSection
	GlobalSection(SolutionProperties) = preSolution
		HideSolutionNode = FALSE
	EndGlobalSection
	GlobalSection(ExtensibilityGlobals) = postSolution
		SolutionGuid = {76A04090-8D09-4893-B708-0CFD74D6CCEF}
	EndGlobalSection
EndGlobal
